<?xml version="1.0" encoding="utf-8"?>
<Project ToolsVersion="4.0" xmlns="http://schemas.microsoft.com/developer/msbuild/2003">
  <ItemGroup>
    <Filter Include="Source Files">
      <UniqueIdentifier>{9307f9bc-bfbf-4885-bb59-60ee126f5a4b}</UniqueIdentifier>
      <Extensions>cpp;c;cxx;def;r;odl;idl;hpj;bat</Extensions>
    </Filter>
    <Filter Include="Header Files">
      <UniqueIdentifier>{f6310cb2-c396-497c-b7bc-670a13c6b789}</UniqueIdentifier>
      <Extensions>h;hpp;hxx;hm;inl</Extensions>
    </Filter>
    <Filter Include="Resource Files">
      <UniqueIdentifier>{98e5ac44-fe4e-46c6-99e8-03969af9d8a4}</UniqueIdentifier>
      <Extensions>ico;cur;bmp;dlg;rc2;rct;bin;rgs;gif;jpg;jpeg;jpe;rc</Extensions>
    </Filter>
  </ItemGroup>
  <ItemGroup>
    <ClCompile Include="bnethash.c">
      <Filter>Source Files</Filter>
    </ClCompile>
    <ClCompile Include="charlist.c">
      <Filter>Source Files</Filter>
    </ClCompile>
    <ClCompile Include="charstat.c">
      <Filter>Source Files</Filter>
    </ClCompile>
    <ClCompile Include="config.c">
      <Filter>Source Files</Filter>
    </ClCompile>
    <ClCompile Include="d2gamelist.c">
      <Filter>Source Files</Filter>
    </ClCompile>
    <ClCompile Include="d2ge.c">
      <Filter>Source Files</Filter>
    </ClCompile>
    <ClCompile Include="debug.c">
      <Filter>Source Files</Filter>
    </ClCompile>
    <ClCompile Include="eventlog.c">
      <Filter>Source Files</Filter>
    </ClCompile>
    <ClCompile Include="handle_s2s.c">
      <Filter>Source Files</Filter>
    </ClCompile>
    <ClCompile Include="hexdump.c">
      <Filter>Source Files</Filter>
    </ClCompile>
    <ClCompile Include="itemscan.c">
      <Filter>Source Files</Filter>
    </ClCompile>
    <ClCompile Include="main.c">
      <Filter>Source Files</Filter>
    </ClCompile>
    <ClCompile Include="net.c">
      <Filter>Source Files</Filter>
    </ClCompile>
    <ClCompile Include="nfd.c">
      <Filter>Source Files</Filter>
    </ClCompile>
    <ClCompile Include="timer.c">
      <Filter>Source Files</Filter>
    </ClCompile>
    <ClCompile Include="trunk.c">
      <Filter>Source Files</Filter>
    </ClCompile>
    <ClCompile Include="utils.c">
      <Filter>Source Files</Filter>
    </ClCompile>
    <ClCompile Include="vars.c">
      <Filter>Source Files</Filter>
    </ClCompile>
    <ClCompile Include="versioncheck.c">
      <Filter>Source Files</Filter>
    </ClCompile>
  </ItemGroup>
  <ItemGroup>
    <ClInclude Include="bn_types.h">
      <Filter>Header Files</Filter>
    </ClInclude>
    <ClInclude Include="bnethash.h">
      <Filter>Header Files</Filter>
    </ClInclude>
    <ClInclude Include="charlist.h">
      <Filter>Header Files</Filter>
    </ClInclude>
    <ClInclude Include="charstat.h">
      <Filter>Header Files</Filter>
    </ClInclude>
    <ClInclude Include="d2gelib\colorcode.h">
      <Filter>Header Files</Filter>
    </ClInclude>
    <ClInclude Include="config.h">
      <Filter>Header Files</Filter>
    </ClInclude>
    <ClInclude Include="connection.h">
      <Filter>Header Files</Filter>
    </ClInclude>
    <ClInclude Include="d2cs_d2gs_character.h">
      <Filter>Header Files</Filter>
    </ClInclude>
    <ClInclude Include="d2cs_d2gs_protocol.h">
      <Filter>Header Files</Filter>
    </ClInclude>
    <ClInclude Include="d2dbs_d2gs_protocol.h">
      <Filter>Header Files</Filter>
    </ClInclude>
    <ClInclude Include="d2game_protocol.h">
      <Filter>Header Files</Filter>
    </ClInclude>
    <ClInclude Include="d2gamelist.h">
      <Filter>Header Files</Filter>
    </ClInclude>
    <ClInclude Include="d2ge.h">
      <Filter>Header Files</Filter>
    </ClInclude>
    <ClInclude Include="d2gs.h">
      <Filter>Header Files</Filter>
    </ClInclude>
    <ClInclude Include="d2gs_d2ge_protocol.h">
      <Filter>Header Files</Filter>
    </ClInclude>
    <ClInclude Include="d2gelib\d2server.h">
      <Filter>Header Files</Filter>
    </ClInclude>
    <ClInclude Include="debug.h">
      <Filter>Header Files</Filter>
    </ClInclude>
    <ClInclude Include="eventlog.h">
      <Filter>Header Files</Filter>
    </ClInclude>
    <ClInclude Include="handle_d2game.h">
      <Filter>Header Files</Filter>
    </ClInclude>
    <ClInclude Include="handle_s2s.h">
      <Filter>Header Files</Filter>
    </ClInclude>
    <ClInclude Include="hexdump.h">
      <Filter>Header Files</Filter>
    </ClInclude>
    <ClInclude Include="itemscan.h">
      <Filter>Header Files</Filter>
    </ClInclude>
    <ClInclude Include="list.h">
      <Filter>Header Files</Filter>
    </ClInclude>
    <ClInclude Include="net.h">
      <Filter>Header Files</Filter>
    </ClInclude>
    <ClInclude Include="nfd.h">
      <Filter>Header Files</Filter>
    </ClInclude>
    <ClInclude Include="psapi.h">
      <Filter>Header Files</Filter>
    </ClInclude>
    <ClInclude Include="timer.h">
      <Filter>Header Files</Filter>
    </ClInclude>
    <ClInclude Include="trunk.h">
      <Filter>Header Files</Filter>
    </ClInclude>
    <ClInclude Include="utils.h">
      <Filter>Header Files</Filter>
    </ClInclude>
    <ClInclude Include="vars.h">
      <Filter>Header Files</Filter>
    </ClInclude>
    <ClInclude Include="versioncheck.h">
      <Filter>Header Files</Filter>
    </ClInclude>
  </ItemGroup>
  <ItemGroup>
    <None Include="ISSUE.txt" />
  </ItemGroup>
</Project>